// !$*UTF8*$!
{
	archiveVersion = 1;
	classes = {
	};
	objectVersion = 46;
	objects = {

/* Begin PBXBuildFile section */
		D737874E18330E2D00ED0027 /* Foundation.framework in Frameworks */ = {isa = PBXBuildFile; fileRef = D737874D18330E2D00ED0027 /* Foundation.framework */; };
		D737875018330E2D00ED0027 /* CoreGraphics.framework in Frameworks */ = {isa = PBXBuildFile; fileRef = D737874F18330E2D00ED0027 /* CoreGraphics.framework */; };
		D737875218330E2D00ED0027 /* UIKit.framework in Frameworks */ = {isa = PBXBuildFile; fileRef = D737875118330E2D00ED0027 /* UIKit.framework */; };
		D737875818330E2D00ED0027 /* InfoPlist.strings in Resources */ = {isa = PBXBuildFile; fileRef = D737875618330E2D00ED0027 /* InfoPlist.strings */; };
		D737875A18330E2D00ED0027 /* main.m in Sources */ = {isa = PBXBuildFile; fileRef = D737875918330E2D00ED0027 /* main.m */; };
		D737875E18330E2D00ED0027 /* AppDelegate.m in Sources */ = {isa = PBXBuildFile; fileRef = D737875D18330E2D00ED0027 /* AppDelegate.m */; };
		D737876118330E2D00ED0027 /* Main.storyboard in Resources */ = {isa = PBXBuildFile; fileRef = D737875F18330E2D00ED0027 /* Main.storyboard */; };
		D737876418330E2D00ED0027 /* ViewController.m in Sources */ = {isa = PBXBuildFile; fileRef = D737876318330E2D00ED0027 /* ViewController.m */; };
		D737876618330E2D00ED0027 /* Images.xcassets in Resources */ = {isa = PBXBuildFile; fileRef = D737876518330E2D00ED0027 /* Images.xcassets */; };
		D737876D18330E2D00ED0027 /* XCTest.framework in Frameworks */ = {isa = PBXBuildFile; fileRef = D737876C18330E2D00ED0027 /* XCTest.framework */; };
		D737876E18330E2D00ED0027 /* Foundation.framework in Frameworks */ = {isa = PBXBuildFile; fileRef = D737874D18330E2D00ED0027 /* Foundation.framework */; };
		D737876F18330E2D00ED0027 /* UIKit.framework in Frameworks */ = {isa = PBXBuildFile; fileRef = D737875118330E2D00ED0027 /* UIKit.framework */; };
		D737877718330E2D00ED0027 /* InfoPlist.strings in Resources */ = {isa = PBXBuildFile; fileRef = D737877518330E2D00ED0027 /* InfoPlist.strings */; };
		D737877918330E2D00ED0027 /* ios_drawing_animationTests.m in Sources */ = {isa = PBXBuildFile; fileRef = D737877818330E2D00ED0027 /* ios_drawing_animationTests.m */; };
		D73787831833112000ED0027 /* MediaPlayer.framework in Frameworks */ = {isa = PBXBuildFile; fileRef = D73787821833112000ED0027 /* MediaPlayer.framework */; };
		D73787851833112900ED0027 /* MobileCoreServices.framework in Frameworks */ = {isa = PBXBuildFile; fileRef = D73787841833112900ED0027 /* MobileCoreServices.framework */; };
		D7378788183311AF00ED0027 /* drawing_animation.mp4 in Resources */ = {isa = PBXBuildFile; fileRef = D7378787183311AF00ED0027 /* drawing_animation.mp4 */; };
		D737878A18331E1A00ED0027 /* drawing_animation.mov in Resources */ = {isa = PBXBuildFile; fileRef = D737878918331E1A00ED0027 /* drawing_animation.mov */; };
		D737878D1833247200ED0027 /* CGpathMaskViewController.m in Sources */ = {isa = PBXBuildFile; fileRef = D737878C1833247200ED0027 /* CGpathMaskViewController.m */; };
		D737878F183325DA00ED0027 /* QuartzCore.framework in Frameworks */ = {isa = PBXBuildFile; fileRef = D737878E183325DA00ED0027 /* QuartzCore.framework */; };
		D737879218333A9000ED0027 /* epicCat.png in Resources */ = {isa = PBXBuildFile; fileRef = D737879018333A9000ED0027 /* epicCat.png */; };
		D737879318333A9000ED0027 /* epicCat@2x.png in Resources */ = {isa = PBXBuildFile; fileRef = D737879118333A9000ED0027 /* epicCat@2x.png */; };
/* End PBXBuildFile section */

/* Begin PBXContainerItemProxy section */
		D737877018330E2D00ED0027 /* PBXContainerItemProxy */ = {
			isa = PBXContainerItemProxy;
			containerPortal = D737874218330E2D00ED0027 /* Project object */;
			proxyType = 1;
			remoteGlobalIDString = D737874918330E2D00ED0027;
			remoteInfo = "ios-drawing-animation";
		};
/* End PBXContainerItemProxy section */

/* Begin PBXFileReference section */
		D737874A18330E2D00ED0027 /* ios-drawing-animation.app */ = {isa = PBXFileReference; explicitFileType = wrapper.application; includeInIndex = 0; path = "ios-drawing-animation.app"; sourceTree = BUILT_PRODUCTS_DIR; };
		D737874D18330E2D00ED0027 /* Foundation.framework */ = {isa = PBXFileReference; lastKnownFileType = wrapper.framework; name = Foundation.framework; path = System/Library/Frameworks/Foundation.framework; sourceTree = SDKROOT; };
		D737874F18330E2D00ED0027 /* CoreGraphics.framework */ = {isa = PBXFileReference; lastKnownFileType = wrapper.framework; name = CoreGraphics.framework; path = System/Library/Frameworks/CoreGraphics.framework; sourceTree = SDKROOT; };
		D737875118330E2D00ED0027 /* UIKit.framework */ = {isa = PBXFileReference; lastKnownFileType = wrapper.framework; name = UIKit.framework; path = System/Library/Frameworks/UIKit.framework; sourceTree = SDKROOT; };
		D737875518330E2D00ED0027 /* ios-drawing-animation-Info.plist */ = {isa = PBXFileReference; lastKnownFileType = text.plist.xml; path = "ios-drawing-animation-Info.plist"; sourceTree = "<group>"; };
		D737875718330E2D00ED0027 /* en */ = {isa = PBXFileReference; lastKnownFileType = text.plist.strings; name = en; path = en.lproj/InfoPlist.strings; sourceTree = "<group>"; };
		D737875918330E2D00ED0027 /* main.m */ = {isa = PBXFileReference; lastKnownFileType = sourcecode.c.objc; path = main.m; sourceTree = "<group>"; };
		D737875B18330E2D00ED0027 /* ios-drawing-animation-Prefix.pch */ = {isa = PBXFileReference; lastKnownFileType = sourcecode.c.h; path = "ios-drawing-animation-Prefix.pch"; sourceTree = "<group>"; };
		D737875C18330E2D00ED0027 /* AppDelegate.h */ = {isa = PBXFileReference; lastKnownFileType = sourcecode.c.h; path = AppDelegate.h; sourceTree = "<group>"; };
		D737875D18330E2D00ED0027 /* AppDelegate.m */ = {isa = PBXFileReference; lastKnownFileType = sourcecode.c.objc; path = AppDelegate.m; sourceTree = "<group>"; };
		D737876018330E2D00ED0027 /* Base */ = {isa = PBXFileReference; lastKnownFileType = file.storyboard; name = Base; path = Base.lproj/Main.storyboard; sourceTree = "<group>"; };
		D737876218330E2D00ED0027 /* ViewController.h */ = {isa = PBXFileReference; lastKnownFileType = sourcecode.c.h; path = ViewController.h; sourceTree = "<group>"; };
		D737876318330E2D00ED0027 /* ViewController.m */ = {isa = PBXFileReference; lastKnownFileType = sourcecode.c.objc; path = ViewController.m; sourceTree = "<group>"; };
		D737876518330E2D00ED0027 /* Images.xcassets */ = {isa = PBXFileReference; lastKnownFileType = folder.assetcatalog; path = Images.xcassets; sourceTree = "<group>"; };
		D737876B18330E2D00ED0027 /* ios-drawing-animationTests.xctest */ = {isa = PBXFileReference; explicitFileType = wrapper.cfbundle; includeInIndex = 0; path = "ios-drawing-animationTests.xctest"; sourceTree = BUILT_PRODUCTS_DIR; };
		D737876C18330E2D00ED0027 /* XCTest.framework */ = {isa = PBXFileReference; lastKnownFileType = wrapper.framework; name = XCTest.framework; path = Library/Frameworks/XCTest.framework; sourceTree = DEVELOPER_DIR; };
		D737877418330E2D00ED0027 /* ios-drawing-animationTests-Info.plist */ = {isa = PBXFileReference; lastKnownFileType = text.plist.xml; path = "ios-drawing-animationTests-Info.plist"; sourceTree = "<group>"; };
		D737877618330E2D00ED0027 /* en */ = {isa = PBXFileReference; lastKnownFileType = text.plist.strings; name = en; path = en.lproj/InfoPlist.strings; sourceTree = "<group>"; };
		D737877818330E2D00ED0027 /* ios_drawing_animationTests.m */ = {isa = PBXFileReference; lastKnownFileType = sourcecode.c.objc; path = ios_drawing_animationTests.m; sourceTree = "<group>"; };
		D73787821833112000ED0027 /* MediaPlayer.framework */ = {isa = PBXFileReference; lastKnownFileType = wrapper.framework; name = MediaPlayer.framework; path = System/Library/Frameworks/MediaPlayer.framework; sourceTree = SDKROOT; };
		D73787841833112900ED0027 /* MobileCoreServices.framework */ = {isa = PBXFileReference; lastKnownFileType = wrapper.framework; name = MobileCoreServices.framework; path = System/Library/Frameworks/MobileCoreServices.framework; sourceTree = SDKROOT; };
		D7378787183311AF00ED0027 /* drawing_animation.mp4 */ = {isa = PBXFileReference; lastKnownFileType = file; path = drawing_animation.mp4; sourceTree = "<group>"; };
		D737878918331E1A00ED0027 /* drawing_animation.mov */ = {isa = PBXFileReference; lastKnownFileType = video.quicktime; path = drawing_animation.mov; sourceTree = "<group>"; };
		D737878B1833247200ED0027 /* CGpathMaskViewController.h */ = {isa = PBXFileReference; fileEncoding = 4; lastKnownFileType = sourcecode.c.h; path = CGpathMaskViewController.h; sourceTree = "<group>"; };
		D737878C1833247200ED0027 /* CGpathMaskViewController.m */ = {isa = PBXFileReference; fileEncoding = 4; lastKnownFileType = sourcecode.c.objc; path = CGpathMaskViewController.m; sourceTree = "<group>"; };
		D737878E183325DA00ED0027 /* QuartzCore.framework */ = {isa = PBXFileReference; lastKnownFileType = wrapper.framework; name = QuartzCore.framework; path = System/Library/Frameworks/QuartzCore.framework; sourceTree = SDKROOT; };
		D737879018333A9000ED0027 /* epicCat.png */ = {isa = PBXFileReference; lastKnownFileType = image.png; path = epicCat.png; sourceTree = "<group>"; };
		D737879118333A9000ED0027 /* epicCat@2x.png */ = {isa = PBXFileReference; lastKnownFileType = image.png; path = "epicCat@2x.png"; sourceTree = "<group>"; };
/* End PBXFileReference section */

/* Begin PBXFrameworksBuildPhase section */
		D737874718330E2D00ED0027 /* Frameworks */ = {
			isa = PBXFrameworksBuildPhase;
			buildActionMask = 2147483647;
			files = (
				D737878F183325DA00ED0027 /* QuartzCore.framework in Frameworks */,
				D73787851833112900ED0027 /* MobileCoreServices.framework in Frameworks */,
				D73787831833112000ED0027 /* MediaPlayer.framework in Frameworks */,
				D737875018330E2D00ED0027 /* CoreGraphics.framework in Frameworks */,
				D737875218330E2D00ED0027 /* UIKit.framework in Frameworks */,
				D737874E18330E2D00ED0027 /* Foundation.framework in Frameworks */,
			);
			runOnlyForDeploymentPostprocessing = 0;
		};
		D737876818330E2D00ED0027 /* Frameworks */ = {
			isa = PBXFrameworksBuildPhase;
			buildActionMask = 2147483647;
			files = (
				D737876D18330E2D00ED0027 /* XCTest.framework in Frameworks */,
				D737876F18330E2D00ED0027 /* UIKit.framework in Frameworks */,
				D737876E18330E2D00ED0027 /* Foundation.framework in Frameworks */,
			);
			runOnlyForDeploymentPostprocessing = 0;
		};
/* End PBXFrameworksBuildPhase section */

/* Begin PBXGroup section */
		D737874118330E2D00ED0027 = {
			isa = PBXGroup;
			children = (
				D737875318330E2D00ED0027 /* ios-drawing-animation */,
				D737877218330E2D00ED0027 /* ios-drawing-animationTests */,
				D737874C18330E2D00ED0027 /* Frameworks */,
				D737874B18330E2D00ED0027 /* Products */,
			);
			sourceTree = "<group>";
		};
		D737874B18330E2D00ED0027 /* Products */ = {
			isa = PBXGroup;
			children = (
				D737874A18330E2D00ED0027 /* ios-drawing-animation.app */,
				D737876B18330E2D00ED0027 /* ios-drawing-animationTests.xctest */,
			);
			name = Products;
			sourceTree = "<group>";
		};
		D737874C18330E2D00ED0027 /* Frameworks */ = {
			isa = PBXGroup;
			children = (
				D737878E183325DA00ED0027 /* QuartzCore.framework */,
				D73787841833112900ED0027 /* MobileCoreServices.framework */,
				D73787821833112000ED0027 /* MediaPlayer.framework */,
				D737874D18330E2D00ED0027 /* Foundation.framework */,
				D737874F18330E2D00ED0027 /* CoreGraphics.framework */,
				D737875118330E2D00ED0027 /* UIKit.framework */,
				D737876C18330E2D00ED0027 /* XCTest.framework */,
			);
			name = Frameworks;
			sourceTree = "<group>";
		};
		D737875318330E2D00ED0027 /* ios-drawing-animation */ = {
			isa = PBXGroup;
			children = (
				D73787861833118E00ED0027 /* Resources */,
				D737875C18330E2D00ED0027 /* AppDelegate.h */,
				D737875D18330E2D00ED0027 /* AppDelegate.m */,
				D737875F18330E2D00ED0027 /* Main.storyboard */,
				D737876218330E2D00ED0027 /* ViewController.h */,
				D737876318330E2D00ED0027 /* ViewController.m */,
				D737878B1833247200ED0027 /* CGpathMaskViewController.h */,
				D737878C1833247200ED0027 /* CGpathMaskViewController.m */,
				D737876518330E2D00ED0027 /* Images.xcassets */,
				D737875418330E2D00ED0027 /* Supporting Files */,
			);
			path = "ios-drawing-animation";
			sourceTree = "<group>";
		};
		D737875418330E2D00ED0027 /* Supporting Files */ = {
			isa = PBXGroup;
			children = (
				D737875518330E2D00ED0027 /* ios-drawing-animation-Info.plist */,
				D737875618330E2D00ED0027 /* InfoPlist.strings */,
				D737875918330E2D00ED0027 /* main.m */,
				D737875B18330E2D00ED0027 /* ios-drawing-animation-Prefix.pch */,
			);
			name = "Supporting Files";
			sourceTree = "<group>";
		};
		D737877218330E2D00ED0027 /* ios-drawing-animationTests */ = {
			isa = PBXGroup;
			children = (
				D737877818330E2D00ED0027 /* ios_drawing_animationTests.m */,
				D737877318330E2D00ED0027 /* Supporting Files */,
			);
			path = "ios-drawing-animationTests";
			sourceTree = "<group>";
		};
		D737877318330E2D00ED0027 /* Supporting Files */ = {
			isa = PBXGroup;
			children = (
				D737877418330E2D00ED0027 /* ios-drawing-animationTests-Info.plist */,
				D737877518330E2D00ED0027 /* InfoPlist.strings */,
			);
			name = "Supporting Files";
			sourceTree = "<group>";
		};
		D73787861833118E00ED0027 /* Resources */ = {
			isa = PBXGroup;
			children = (
				D737879018333A9000ED0027 /* epicCat.png */,
				D737879118333A9000ED0027 /* epicCat@2x.png */,
				D737878918331E1A00ED0027 /* drawing_animation.mov */,
				D7378787183311AF00ED0027 /* drawing_animation.mp4 */,
			);
			name = Resources;
			sourceTree = "<group>";
		};
/* End PBXGroup section */

/* Begin PBXNativeTarget section */
		D737874918330E2D00ED0027 /* ios-drawing-animation */ = {
			isa = PBXNativeTarget;
			buildConfigurationList = D737877C18330E2D00ED0027 /* Build configuration list for PBXNativeTarget "ios-drawing-animation" */;
			buildPhases = (
				D737874618330E2D00ED0027 /* Sources */,
				D737874718330E2D00ED0027 /* Frameworks */,
				D737874818330E2D00ED0027 /* Resources */,
			);
			buildRules = (
			);
			dependencies = (
			);
			name = "ios-drawing-animation";
			productName = "ios-drawing-animation";
			productReference = D737874A18330E2D00ED0027 /* ios-drawing-animation.app */;
			productType = "com.apple.product-type.application";
		};
		D737876A18330E2D00ED0027 /* ios-drawing-animationTests */ = {
			isa = PBXNativeTarget;
			buildConfigurationList = D737877F18330E2D00ED0027 /* Build configuration list for PBXNativeTarget "ios-drawing-animationTests" */;
			buildPhases = (
				D737876718330E2D00ED0027 /* Sources */,
				D737876818330E2D00ED0027 /* Frameworks */,
				D737876918330E2D00ED0027 /* Resources */,
			);
			buildRules = (
			);
			dependencies = (
				D737877118330E2D00ED0027 /* PBXTargetDependency */,
			);
			name = "ios-drawing-animationTests";
			productName = "ios-drawing-animationTests";
			productReference = D737876B18330E2D00ED0027 /* ios-drawing-animationTests.xctest */;
			productType = "com.apple.product-type.bundle.unit-test";
		};
/* End PBXNativeTarget section */

/* Begin PBXProject section */
		D737874218330E2D00ED0027 /* Project object */ = {
			isa = PBXProject;
			attributes = {
				LastUpgradeCheck = 0500;
				ORGANIZATIONNAME = "Andrew Ramirez";
				TargetAttributes = {
					D737876A18330E2D00ED0027 = {
						TestTargetID = D737874918330E2D00ED0027;
					};
				};
			};
			buildConfigurationList = D737874518330E2D00ED0027 /* Build configuration list for PBXProject "ios-drawing-animation" */;
			compatibilityVersion = "Xcode 3.2";
			developmentRegion = English;
			hasScannedForEncodings = 0;
			knownRegions = (
				en,
				Base,
			);
			mainGroup = D737874118330E2D00ED0027;
			productRefGroup = D737874B18330E2D00ED0027 /* Products */;
			projectDirPath = "";
			projectRoot = "";
			targets = (
				D737874918330E2D00ED0027 /* ios-drawing-animation */,
				D737876A18330E2D00ED0027 /* ios-drawing-animationTests */,
			);
		};
/* End PBXProject section */

/* Begin PBXResourcesBuildPhase section */
		D737874818330E2D00ED0027 /* Resources */ = {
			isa = PBXResourcesBuildPhase;
			buildActionMask = 2147483647;
			files = (
				D737879318333A9000ED0027 /* epicCat@2x.png in Resources */,
				D737876618330E2D00ED0027 /* Images.xcassets in Resources */,
				D737875818330E2D00ED0027 /* InfoPlist.strings in Resources */,
				D737876118330E2D00ED0027 /* Main.storyboard in Resources */,
				D737879218333A9000ED0027 /* epicCat.png in Resources */,
				D7378788183311AF00ED0027 /* drawing_animation.mp4 in Resources */,
				D737878A18331E1A00ED0027 /* drawing_animation.mov in Resources */,
			);
			runOnlyForDeploymentPostprocessing = 0;
		};
		D737876918330E2D00ED0027 /* Resources */ = {
			isa = PBXResourcesBuildPhase;
			buildActionMask = 2147483647;
			files = (
				D737877718330E2D00ED0027 /* InfoPlist.strings in Resources */,
			);
			runOnlyForDeploymentPostprocessing = 0;
		};
/* End PBXResourcesBuildPhase section */

/* Begin PBXSourcesBuildPhase section */
		D737874618330E2D00ED0027 /* Sources */ = {
			isa = PBXSourcesBuildPhase;
			buildActionMask = 2147483647;
			files = (
				D737876418330E2D00ED0027 /* ViewController.m in Sources */,
				D737875E18330E2D00ED0027 /* AppDelegate.m in Sources */,
				D737875A18330E2D00ED0027 /* main.m in Sources */,
				D737878D1833247200ED0027 /* CGpathMaskViewController.m in Sources */,
			);
			runOnlyForDeploymentPostprocessing = 0;
		};
		D737876718330E2D00ED0027 /* Sources */ = {
			isa = PBXSourcesBuildPhase;
			buildActionMask = 2147483647;
			files = (
				D737877918330E2D00ED0027 /* ios_drawing_animationTests.m in Sources */,
			);
			runOnlyForDeploymentPostprocessing = 0;
		};
/* End PBXSourcesBuildPhase section */

/* Begin PBXTargetDependency section */
		D737877118330E2D00ED0027 /* PBXTargetDependency */ = {
			isa = PBXTargetDependency;
			target = D737874918330E2D00ED0027 /* ios-drawing-animation */;
			targetProxy = D737877018330E2D00ED0027 /* PBXContainerItemProxy */;
		};
/* End PBXTargetDependency section */

/* Begin PBXVariantGroup section */
		D737875618330E2D00ED0027 /* InfoPlist.strings */ = {
			isa = PBXVariantGroup;
			children = (
				D737875718330E2D00ED0027 /* en */,
			);
			name = InfoPlist.strings;
			sourceTree = "<group>";
		};
		D737875F18330E2D00ED0027 /* Main.storyboard */ = {
			isa = PBXVariantGroup;
			children = (
				D737876018330E2D00ED0027 /* Base */,
			);
			name = Main.storyboard;
			sourceTree = "<group>";
		};
		D737877518330E2D00ED0027 /* InfoPlist.strings */ = {
			isa = PBXVariantGroup;
			children = (
				D737877618330E2D00ED0027 /* en */,
			);
			name = InfoPlist.strings;
			sourceTree = "<group>";
		};
/* End PBXVariantGroup section */

/* Begin XCBuildConfiguration section */
		D737877A18330E2D00ED0027 /* Debug */ = {
			isa = XCBuildConfiguration;
			buildSettings = {
				ALWAYS_SEARCH_USER_PATHS = NO;
				ARCHS = "$(ARCHS_STANDARD_INCLUDING_64_BIT)";
				CLANG_CXX_LANGUAGE_STANDARD = "gnu++0x";
				CLANG_CXX_LIBRARY = "libc++";
				CLANG_ENABLE_MODULES = YES;
				CLANG_ENABLE_OBJC_ARC = YES;
				CLANG_WARN_BOOL_CONVERSION = YES;
				CLANG_WARN_CONSTANT_CONVERSION = YES;
				CLANG_WARN_DIRECT_OBJC_ISA_USAGE = YES_ERROR;
				CLANG_WARN_EMPTY_BODY = YES;
				CLANG_WARN_ENUM_CONVERSION = YES;
				CLANG_WARN_INT_CONVERSION = YES;
				CLANG_WARN_OBJC_ROOT_CLASS = YES_ERROR;
				CLANG_WARN__DUPLICATE_METHOD_MATCH = YES;
				"CODE_SIGN_IDENTITY[sdk=iphoneos*]" = "iPhone Developer";
				COPY_PHASE_STRIP = NO;
				GCC_C_LANGUAGE_STANDARD = gnu99;
				GCC_DYNAMIC_NO_PIC = NO;
				GCC_OPTIMIZATION_LEVEL = 0;
				GCC_PREPROCESSOR_DEFINITIONS = (
					"DEBUG=1",
					"$(inherited)",
				);
				GCC_SYMBOLS_PRIVATE_EXTERN = NO;
				GCC_WARN_64_TO_32_BIT_CONVERSION = YES;
				GCC_WARN_ABOUT_RETURN_TYPE = YES_ERROR;
				GCC_WARN_UNDECLARED_SELECTOR = YES;
				GCC_WARN_UNINITIALIZED_AUTOS = YES;
				GCC_WARN_UNUSED_FUNCTION = YES;
				GCC_WARN_UNUSED_VARIABLE = YES;
				IPHONEOS_DEPLOYMENT_TARGET = 7.0;
				ONLY_ACTIVE_ARCH = YES;
				SDKROOT = iphoneos;
			};
			name = Debug;
		};
		D737877B18330E2D00ED0027 /* Release */ = {
			isa = XCBuildConfiguration;
			buildSettings = {
				ALWAYS_SEARCH_USER_PATHS = NO;
				ARCHS = "$(ARCHS_STANDARD_INCLUDING_64_BIT)";
				CLANG_CXX_LANGUAGE_STANDARD = "gnu++0x";
				CLANG_CXX_LIBRARY = "libc++";
				CLANG_ENABLE_MODULES = YES;
				CLANG_ENABLE_OBJC_ARC = YES;
				CLANG_WARN_BOOL_CONVERSION = YES;
				CLANG_WARN_CONSTANT_CONVERSION = YES;
				CLANG_WARN_DIRECT_OBJC_ISA_USAGE = YES_ERROR;
				CLANG_WARN_EMPTY_BODY = YES;
				CLANG_WARN_ENUM_CONVERSION = YES;
				CLANG_WARN_INT_CONVERSION = YES;
				CLANG_WARN_OBJC_ROOT_CLASS = YES_ERROR;
				CLANG_WARN__DUPLICATE_METHOD_MATCH = YES;
				"CODE_SIGN_IDENTITY[sdk=iphoneos*]" = "iPhone Developer";
				COPY_PHASE_STRIP = YES;
				ENABLE_NS_ASSERTIONS = NO;
				GCC_C_LANGUAGE_STANDARD = gnu99;
				GCC_WARN_64_TO_32_BIT_CONVERSION = YES;
				GCC_WARN_ABOUT_RETURN_TYPE = YES_ERROR;
				GCC_WARN_UNDECLARED_SELECTOR = YES;
				GCC_WARN_UNINITIALIZED_AUTOS = YES;
				GCC_WARN_UNUSED_FUNCTION = YES;
				GCC_WARN_UNUSED_VARIABLE = YES;
				IPHONEOS_DEPLOYMENT_TARGET = 7.0;
				SDKROOT = iphoneos;
				VALIDATE_PRODUCT = YES;
			};
			name = Release;
		};
		D737877D18330E2D00ED0027 /* Debug */ = {
			isa = XCBuildConfiguration;
			buildSettings = {
				ASSETCATALOG_COMPILER_APPICON_NAME = AppIcon;
				ASSETCATALOG_COMPILER_LAUNCHIMAGE_NAME = LaunchImage;
				GCC_PRECOMPILE_PREFIX_HEADER = YES;
				GCC_PREFIX_HEADER = "ios-drawing-animation/ios-drawing-animation-Prefix.pch";
				INFOPLIST_FILE = "ios-drawing-animation/ios-drawing-animation-Info.plist";
				PRODUCT_NAME = "$(TARGET_NAME)";
				WRAPPER_EXTENSION = app;
			};
			name = Debug;
		};
		D737877E18330E2D00ED0027 /* Release */ = {
			isa = XCBuildConfiguration;
			buildSettings = {
				ASSETCATALOG_COMPILER_APPICON_NAME = AppIcon;
				ASSETCATALOG_COMPILER_LAUNCHIMAGE_NAME = LaunchImage;
				GCC_PRECOMPILE_PREFIX_HEADER = YES;
				GCC_PREFIX_HEADER = "ios-drawing-animation/ios-drawing-animation-Prefix.pch";
				INFOPLIST_FILE = "ios-drawing-animation/ios-drawing-animation-Info.plist";
				PRODUCT_NAME = "$(TARGET_NAME)";
				WRAPPER_EXTENSION = app;
			};
			name = Release;
		};
		D737878018330E2D00ED0027 /* Debug */ = {
			isa = XCBuildConfiguration;
			buildSettings = {
				ARCHS = "$(ARCHS_STANDARD_INCLUDING_64_BIT)";
				BUNDLE_LOADER = "$(BUILT_PRODUCTS_DIR)/ios-drawing-animation.app/ios-drawing-animation";
				FRAMEWORK_SEARCH_PATHS = (
					"$(SDKROOT)/Developer/Library/Frameworks",
					"$(inherited)",
					"$(DEVELOPER_FRAMEWORKS_DIR)",
				);
				GCC_PRECOMPILE_PREFIX_HEADER = YES;
				GCC_PREFIX_HEADER = "ios-drawing-animation/ios-drawing-animation-Prefix.pch";
				GCC_PREPROCESSOR_DEFINITIONS = (
					"DEBUG=1",
					"$(inherited)",
				);
				INFOPLIST_FILE = "ios-drawing-animationTests/ios-drawing-animationTests-Info.plist";
				PRODUCT_NAME = "$(TARGET_NAME)";
				TEST_HOST = "$(BUNDLE_LOADER)";
				WRAPPER_EXTENSION = xctest;
			};
			name = Debug;
		};
		D737878118330E2D00ED0027 /* Release */ = {
			isa = XCBuildConfiguration;
			buildSettings = {
				ARCHS = "$(ARCHS_STANDARD_INCLUDING_64_BIT)";
				BUNDLE_LOADER = "$(BUILT_PRODUCTS_DIR)/ios-drawing-animation.app/ios-drawing-animation";
				FRAMEWORK_SEARCH_PATHS = (
					"$(SDKROOT)/Developer/Library/Frameworks",
					"$(inherited)",
					"$(DEVELOPER_FRAMEWORKS_DIR)",
				);
				GCC_PRECOMPILE_PREFIX_HEADER = YES;
				GCC_PREFIX_HEADER = "ios-drawing-animation/ios-drawing-animation-Prefix.pch";
				INFOPLIST_FILE = "ios-drawing-animationTests/ios-drawing-animationTests-Info.plist";
				PRODUCT_NAME = "$(TARGET_NAME)";
				TEST_HOST = "$(BUNDLE_LOADER)";
				WRAPPER_EXTENSION = xctest;
			};
			name = Release;
		};
/* End XCBuildConfiguration section */

/* Begin XCConfigurationList section */
		D737874518330E2D00ED0027 /* Build configuration list for PBXProject "ios-drawing-animation" */ = {
			isa = XCConfigurationList;
			buildConfigurations = (
				D737877A18330E2D00ED0027 /* Debug */,
				D737877B18330E2D00ED0027 /* Release */,
			);
			defaultConfigurationIsVisible = 0;
			defaultConfigurationName = Release;
		};
		D737877C18330E2D00ED0027 /* Build configuration list for PBXNativeTarget "ios-drawing-animation" */ = {
			isa = XCConfigurationList;
			buildConfigurations = (
				D737877D18330E2D00ED0027 /* Debug */,
				D737877E18330E2D00ED0027 /* Release */,
			);
			defaultConfigurationIsVisible = 0;
		};
		D737877F18330E2D00ED0027 /* Build configuration list for PBXNativeTarget "ios-drawing-animationTests" */ = {
			isa = XCConfigurationList;
			buildConfigurations = (
				D737878018330E2D00ED0027 /* Debug */,
				D737878118330E2D00ED0027 /* Release */,
			);
			defaultConfigurationIsVisible = 0;
		};
/* End XCConfigurationList section */
	};
	rootObject = D737874218330E2D00ED0027 /* Project object */;
}
